{
  "name": "chess-analysis",
  "version": "1.1.10",
  "lockfileVersion": 1,
  "requires": true,
  "dependencies": {
    "chess.js": {
      "version": "github:ornicar/chess.js#ad0709c0b07773d9d0da8e4605a9a2a28f00d249",
      "from": "github:ornicar/chess.js#learn"
    },
    "n-readlines": {
      "version": "1.0.0",
      "resolved": "https://registry.npmjs.org/n-readlines/-/n-readlines-1.0.0.tgz",
      "integrity": "sha512-ISDqGcspVu6U3VKqtJZG1uR55SmNNF9uK0EMq1IvNVVZOui6MW6VR0+pIZhqz85ORAGp+4zW+5fJ/SE7bwEibA=="
    },
    "stockfish": {
      "version": "10.0.2",
      "resolved": "https://registry.npmjs.org/stockfish/-/stockfish-10.0.2.tgz",
      "integrity": "sha512-MuDhChwRwFe4nkn5OKuDj2byf4lTVlpJK47D99kNi7Qr1QlM8PIi940AVdF4SMmFQnPtyYeT2xzlX69d5v8WQg=="
    }
  }
}
